{
  "name": "test-ts",
  "version": "1.0.0",
  "lockfileVersion": 2,
  "requires": true,
  "packages": {
    "": {
      "name": "test-ts",
      "version": "1.0.0",
      "license": "ISC",
      "dependencies": {
        "cgc-js-sdk": "file:..",
        "typescript": "^4.7.2",
        "uuid": "^9.0.0"
      }
    },
    "..": {
      "version": "0.1.0",
      "license": "MIT",
      "dependencies": {
        "axios": "^0.27.2"
      },
      "devDependencies": {
        "@typescript-eslint/eslint-plugin": "^5.27.0",
        "@typescript-eslint/parser": "^5.27.0",
        "eslint": "^8.16.0",
        "eslint-config-airbnb-base": "^15.0.0",
        "eslint-config-prettier": "^8.5.0",
        "eslint-plugin-import": "^2.26.0",
        "eslint-plugin-prettier": "^4.0.0",
        "prettier": "^2.6.2",
        "ts-loader": "^9.3.0",
        "typescript": "^4.7.2",
        "webpack-cli": "^4.9.2"
      }
    },
    "node_modules/cgc-js-sdk": {
      "resolved": "..",
      "link": true
    },
    "node_modules/typescript": {
      "version": "4.7.2",
      "resolved": "https://registry.npmjs.org/typescript/-/typescript-4.7.2.tgz",
      "integrity": "sha512-Mamb1iX2FDUpcTRzltPxgWMKy3fhg0TN378ylbktPGPK/99KbDtMQ4W1hwgsbPAsG3a0xKa1vmw4VKZQbkvz5A==",
      "bin": {
        "tsc": "bin/tsc",
        "tsserver": "bin/tsserver"
      },
      "engines": {
        "node": ">=4.2.0"
      }
    },
    "node_modules/uuid": {
      "version": "9.0.0",
      "resolved": "https://registry.npmjs.org/uuid/-/uuid-9.0.0.tgz",
      "integrity": "sha512-MXcSTerfPa4uqyzStbRoTgt5XIe3x5+42+q1sDuy3R5MDk66URdLMOZe5aPX/SQd+kuYAh0FdP/pO28IkQyTeg==",
      "bin": {
        "uuid": "dist/bin/uuid"
      }
    }
  },
  "dependencies": {
    "cgc-js-sdk": {
      "version": "file:..",
      "requires": {
        "@typescript-eslint/eslint-plugin": "^5.27.0",
        "@typescript-eslint/parser": "^5.27.0",
        "axios": "^0.27.2",
        "eslint": "^8.16.0",
        "eslint-config-airbnb-base": "^15.0.0",
        "eslint-config-prettier": "^8.5.0",
        "eslint-plugin-import": "^2.26.0",
        "eslint-plugin-prettier": "^4.0.0",
        "prettier": "^2.6.2",
        "ts-loader": "^9.3.0",
        "typescript": "^4.7.2",
        "webpack-cli": "^4.9.2"
      }
    },
    "typescript": {
      "version": "4.7.2",
      "resolved": "https://registry.npmjs.org/typescript/-/typescript-4.7.2.tgz",
      "integrity": "sha512-Mamb1iX2FDUpcTRzltPxgWMKy3fhg0TN378ylbktPGPK/99KbDtMQ4W1hwgsbPAsG3a0xKa1vmw4VKZQbkvz5A=="
    },
    "uuid": {
      "version": "9.0.0",
      "resolved": "https://registry.npmjs.org/uuid/-/uuid-9.0.0.tgz",
      "integrity": "sha512-MXcSTerfPa4uqyzStbRoTgt5XIe3x5+42+q1sDuy3R5MDk66URdLMOZe5aPX/SQd+kuYAh0FdP/pO28IkQyTeg=="
    }
  }
}
